// !$*UTF8*$!
{
	archiveVersion = 1;
	classes = {
	};
	objectVersion = 55;
	objects = {

/* Begin PBXBuildFile section */
		073C858D2852C0C4006A1243 /* AppDelegate.swift in Sources */ = {isa = PBXBuildFile; fileRef = 073C858C2852C0C4006A1243 /* AppDelegate.swift */; };
		073C858F2852C0C4006A1243 /* SceneDelegate.swift in Sources */ = {isa = PBXBuildFile; fileRef = 073C858E2852C0C4006A1243 /* SceneDelegate.swift */; };
		073C85912852C0C4006A1243 /* ViewController.swift in Sources */ = {isa = PBXBuildFile; fileRef = 073C85902852C0C4006A1243 /* ViewController.swift */; };
		073C85942852C0C4006A1243 /* Main.storyboard in Resources */ = {isa = PBXBuildFile; fileRef = 073C85922852C0C4006A1243 /* Main.storyboard */; };
		073C85962852C0C5006A1243 /* Assets.xcassets in Resources */ = {isa = PBXBuildFile; fileRef = 073C85952852C0C5006A1243 /* Assets.xcassets */; };
		073C85992852C0C5006A1243 /* LaunchScreen.storyboard in Resources */ = {isa = PBXBuildFile; fileRef = 073C85972852C0C5006A1243 /* LaunchScreen.storyboard */; };
		073C85A42852C0C5006A1243 /* Practice_RxSwift_Part1Tests.swift in Sources */ = {isa = PBXBuildFile; fileRef = 073C85A32852C0C5006A1243 /* Practice_RxSwift_Part1Tests.swift */; };
		073C85AE2852C0C5006A1243 /* Practice_RxSwift_Part1UITests.swift in Sources */ = {isa = PBXBuildFile; fileRef = 073C85AD2852C0C5006A1243 /* Practice_RxSwift_Part1UITests.swift */; };
		073C85B02852C0C5006A1243 /* Practice_RxSwift_Part1UITestsLaunchTests.swift in Sources */ = {isa = PBXBuildFile; fileRef = 073C85AF2852C0C5006A1243 /* Practice_RxSwift_Part1UITestsLaunchTests.swift */; };
/* End PBXBuildFile section */

/* Begin PBXContainerItemProxy section */
		073C85A02852C0C5006A1243 /* PBXContainerItemProxy */ = {
			isa = PBXContainerItemProxy;
			containerPortal = 073C85812852C0C4006A1243 /* Project object */;
			proxyType = 1;
			remoteGlobalIDString = 073C85882852C0C4006A1243;
			remoteInfo = "Practice-RxSwift-Part1";
		};
		073C85AA2852C0C5006A1243 /* PBXContainerItemProxy */ = {
			isa = PBXContainerItemProxy;
			containerPortal = 073C85812852C0C4006A1243 /* Project object */;
			proxyType = 1;
			remoteGlobalIDString = 073C85882852C0C4006A1243;
			remoteInfo = "Practice-RxSwift-Part1";
		};
/* End PBXContainerItemProxy section */

/* Begin PBXFileReference section */
		073C85892852C0C4006A1243 /* Practice-RxSwift-Part1.app */ = {isa = PBXFileReference; explicitFileType = wrapper.application; includeInIndex = 0; path = "Practice-RxSwift-Part1.app"; sourceTree = BUILT_PRODUCTS_DIR; };
		073C858C2852C0C4006A1243 /* AppDelegate.swift */ = {isa = PBXFileReference; lastKnownFileType = sourcecode.swift; path = AppDelegate.swift; sourceTree = "<group>"; };
		073C858E2852C0C4006A1243 /* SceneDelegate.swift */ = {isa = PBXFileReference; lastKnownFileType = sourcecode.swift; path = SceneDelegate.swift; sourceTree = "<group>"; };
		073C85902852C0C4006A1243 /* ViewController.swift */ = {isa = PBXFileReference; lastKnownFileType = sourcecode.swift; path = ViewController.swift; sourceTree = "<group>"; };
		073C85932852C0C4006A1243 /* Base */ = {isa = PBXFileReference; lastKnownFileType = file.storyboard; name = Base; path = Base.lproj/Main.storyboard; sourceTree = "<group>"; };
		073C85952852C0C5006A1243 /* Assets.xcassets */ = {isa = PBXFileReference; lastKnownFileType = folder.assetcatalog; path = Assets.xcassets; sourceTree = "<group>"; };
		073C85982852C0C5006A1243 /* Base */ = {isa = PBXFileReference; lastKnownFileType = file.storyboard; name = Base; path = Base.lproj/LaunchScreen.storyboard; sourceTree = "<group>"; };
		073C859A2852C0C5006A1243 /* Info.plist */ = {isa = PBXFileReference; lastKnownFileType = text.plist.xml; path = Info.plist; sourceTree = "<group>"; };
		073C859F2852C0C5006A1243 /* Practice-RxSwift-Part1Tests.xctest */ = {isa = PBXFileReference; explicitFileType = wrapper.cfbundle; includeInIndex = 0; path = "Practice-RxSwift-Part1Tests.xctest"; sourceTree = BUILT_PRODUCTS_DIR; };
		073C85A32852C0C5006A1243 /* Practice_RxSwift_Part1Tests.swift */ = {isa = PBXFileReference; lastKnownFileType = sourcecode.swift; path = Practice_RxSwift_Part1Tests.swift; sourceTree = "<group>"; };
		073C85A92852C0C5006A1243 /* Practice-RxSwift-Part1UITests.xctest */ = {isa = PBXFileReference; explicitFileType = wrapper.cfbundle; includeInIndex = 0; path = "Practice-RxSwift-Part1UITests.xctest"; sourceTree = BUILT_PRODUCTS_DIR; };
		073C85AD2852C0C5006A1243 /* Practice_RxSwift_Part1UITests.swift */ = {isa = PBXFileReference; lastKnownFileType = sourcecode.swift; path = Practice_RxSwift_Part1UITests.swift; sourceTree = "<group>"; };
		073C85AF2852C0C5006A1243 /* Practice_RxSwift_Part1UITestsLaunchTests.swift */ = {isa = PBXFileReference; lastKnownFileType = sourcecode.swift; path = Practice_RxSwift_Part1UITestsLaunchTests.swift; sourceTree = "<group>"; };
/* End PBXFileReference section */

/* Begin PBXFrameworksBuildPhase section */
		073C85862852C0C4006A1243 /* Frameworks */ = {
			isa = PBXFrameworksBuildPhase;
			buildActionMask = 2147483647;
			files = (
			);
			runOnlyForDeploymentPostprocessing = 0;
		};
		073C859C2852C0C5006A1243 /* Frameworks */ = {
			isa = PBXFrameworksBuildPhase;
			buildActionMask = 2147483647;
			files = (
			);
			runOnlyForDeploymentPostprocessing = 0;
		};
		073C85A62852C0C5006A1243 /* Frameworks */ = {
			isa = PBXFrameworksBuildPhase;
			buildActionMask = 2147483647;
			files = (
			);
			runOnlyForDeploymentPostprocessing = 0;
		};
/* End PBXFrameworksBuildPhase section */

/* Begin PBXGroup section */
		073C85802852C0C4006A1243 = {
			isa = PBXGroup;
			children = (
				073C858B2852C0C4006A1243 /* Practice-RxSwift-Part1 */,
				073C85A22852C0C5006A1243 /* Practice-RxSwift-Part1Tests */,
				073C85AC2852C0C5006A1243 /* Practice-RxSwift-Part1UITests */,
				073C858A2852C0C4006A1243 /* Products */,
			);
			sourceTree = "<group>";
		};
		073C858A2852C0C4006A1243 /* Products */ = {
			isa = PBXGroup;
			children = (
				073C85892852C0C4006A1243 /* Practice-RxSwift-Part1.app */,
				073C859F2852C0C5006A1243 /* Practice-RxSwift-Part1Tests.xctest */,
				073C85A92852C0C5006A1243 /* Practice-RxSwift-Part1UITests.xctest */,
			);
			name = Products;
			sourceTree = "<group>";
		};
		073C858B2852C0C4006A1243 /* Practice-RxSwift-Part1 */ = {
			isa = PBXGroup;
			children = (
				073C858C2852C0C4006A1243 /* AppDelegate.swift */,
				073C858E2852C0C4006A1243 /* SceneDelegate.swift */,
				073C85902852C0C4006A1243 /* ViewController.swift */,
				073C85922852C0C4006A1243 /* Main.storyboard */,
				073C85952852C0C5006A1243 /* Assets.xcassets */,
				073C85972852C0C5006A1243 /* LaunchScreen.storyboard */,
				073C859A2852C0C5006A1243 /* Info.plist */,
			);
			path = "Practice-RxSwift-Part1";
			sourceTree = "<group>";
		};
		073C85A22852C0C5006A1243 /* Practice-RxSwift-Part1Tests */ = {
			isa = PBXGroup;
			children = (
				073C85A32852C0C5006A1243 /* Practice_RxSwift_Part1Tests.swift */,
			);
			path = "Practice-RxSwift-Part1Tests";
			sourceTree = "<group>";
		};
		073C85AC2852C0C5006A1243 /* Practice-RxSwift-Part1UITests */ = {
			isa = PBXGroup;
			children = (
				073C85AD2852C0C5006A1243 /* Practice_RxSwift_Part1UITests.swift */,
				073C85AF2852C0C5006A1243 /* Practice_RxSwift_Part1UITestsLaunchTests.swift */,
			);
			path = "Practice-RxSwift-Part1UITests";
			sourceTree = "<group>";
		};
/* End PBXGroup section */

/* Begin PBXNativeTarget section */
		073C85882852C0C4006A1243 /* Practice-RxSwift-Part1 */ = {
			isa = PBXNativeTarget;
			buildConfigurationList = 073C85B32852C0C5006A1243 /* Build configuration list for PBXNativeTarget "Practice-RxSwift-Part1" */;
			buildPhases = (
				073C85852852C0C4006A1243 /* Sources */,
				073C85862852C0C4006A1243 /* Frameworks */,
				073C85872852C0C4006A1243 /* Resources */,
			);
			buildRules = (
			);
			dependencies = (
			);
			name = "Practice-RxSwift-Part1";
			productName = "Practice-RxSwift-Part1";
			productReference = 073C85892852C0C4006A1243 /* Practice-RxSwift-Part1.app */;
			productType = "com.apple.product-type.application";
		};
		073C859E2852C0C5006A1243 /* Practice-RxSwift-Part1Tests */ = {
			isa = PBXNativeTarget;
			buildConfigurationList = 073C85B62852C0C5006A1243 /* Build configuration list for PBXNativeTarget "Practice-RxSwift-Part1Tests" */;
			buildPhases = (
				073C859B2852C0C5006A1243 /* Sources */,
				073C859C2852C0C5006A1243 /* Frameworks */,
				073C859D2852C0C5006A1243 /* Resources */,
			);
			buildRules = (
			);
			dependencies = (
				073C85A12852C0C5006A1243 /* PBXTargetDependency */,
			);
			name = "Practice-RxSwift-Part1Tests";
			productName = "Practice-RxSwift-Part1Tests";
			productReference = 073C859F2852C0C5006A1243 /* Practice-RxSwift-Part1Tests.xctest */;
			productType = "com.apple.product-type.bundle.unit-test";
		};
		073C85A82852C0C5006A1243 /* Practice-RxSwift-Part1UITests */ = {
			isa = PBXNativeTarget;
			buildConfigurationList = 073C85B92852C0C5006A1243 /* Build configuration list for PBXNativeTarget "Practice-RxSwift-Part1UITests" */;
			buildPhases = (
				073C85A52852C0C5006A1243 /* Sources */,
				073C85A62852C0C5006A1243 /* Frameworks */,
				073C85A72852C0C5006A1243 /* Resources */,
			);
			buildRules = (
			);
			dependencies = (
				073C85AB2852C0C5006A1243 /* PBXTargetDependency */,
			);
			name = "Practice-RxSwift-Part1UITests";
			productName = "Practice-RxSwift-Part1UITests";
			productReference = 073C85A92852C0C5006A1243 /* Practice-RxSwift-Part1UITests.xctest */;
			productType = "com.apple.product-type.bundle.ui-testing";
		};
/* End PBXNativeTarget section */

/* Begin PBXProject section */
		073C85812852C0C4006A1243 /* Project object */ = {
			isa = PBXProject;
			attributes = {
				BuildIndependentTargetsInParallel = 1;
				LastSwiftUpdateCheck = 1340;
				LastUpgradeCheck = 1340;
				TargetAttributes = {
					073C85882852C0C4006A1243 = {
						CreatedOnToolsVersion = 13.4.1;
					};
					073C859E2852C0C5006A1243 = {
						CreatedOnToolsVersion = 13.4.1;
						TestTargetID = 073C85882852C0C4006A1243;
					};
					073C85A82852C0C5006A1243 = {
						CreatedOnToolsVersion = 13.4.1;
						TestTargetID = 073C85882852C0C4006A1243;
					};
				};
			};
			buildConfigurationList = 073C85842852C0C4006A1243 /* Build configuration list for PBXProject "Practice-RxSwift-Part1" */;
			compatibilityVersion = "Xcode 13.0";
			developmentRegion = en;
			hasScannedForEncodings = 0;
			knownRegions = (
				en,
				Base,
			);
			mainGroup = 073C85802852C0C4006A1243;
			productRefGroup = 073C858A2852C0C4006A1243 /* Products */;
			projectDirPath = "";
			projectRoot = "";
			targets = (
				073C85882852C0C4006A1243 /* Practice-RxSwift-Part1 */,
				073C859E2852C0C5006A1243 /* Practice-RxSwift-Part1Tests */,
				073C85A82852C0C5006A1243 /* Practice-RxSwift-Part1UITests */,
			);
		};
/* End PBXProject section */

/* Begin PBXResourcesBuildPhase section */
		073C85872852C0C4006A1243 /* Resources */ = {
			isa = PBXResourcesBuildPhase;
			buildActionMask = 2147483647;
			files = (
				073C85992852C0C5006A1243 /* LaunchScreen.storyboard in Resources */,
				073C85962852C0C5006A1243 /* Assets.xcassets in Resources */,
				073C85942852C0C4006A1243 /* Main.storyboard in Resources */,
			);
			runOnlyForDeploymentPostprocessing = 0;
		};
		073C859D2852C0C5006A1243 /* Resources */ = {
			isa = PBXResourcesBuildPhase;
			buildActionMask = 2147483647;
			files = (
			);
			runOnlyForDeploymentPostprocessing = 0;
		};
		073C85A72852C0C5006A1243 /* Resources */ = {
			isa = PBXResourcesBuildPhase;
			buildActionMask = 2147483647;
			files = (
			);
			runOnlyForDeploymentPostprocessing = 0;
		};
/* End PBXResourcesBuildPhase section */

/* Begin PBXSourcesBuildPhase section */
		073C85852852C0C4006A1243 /* Sources */ = {
			isa = PBXSourcesBuildPhase;
			buildActionMask = 2147483647;
			files = (
				073C85912852C0C4006A1243 /* ViewController.swift in Sources */,
				073C858D2852C0C4006A1243 /* AppDelegate.swift in Sources */,
				073C858F2852C0C4006A1243 /* SceneDelegate.swift in Sources */,
			);
			runOnlyForDeploymentPostprocessing = 0;
		};
		073C859B2852C0C5006A1243 /* Sources */ = {
			isa = PBXSourcesBuildPhase;
			buildActionMask = 2147483647;
			files = (
				073C85A42852C0C5006A1243 /* Practice_RxSwift_Part1Tests.swift in Sources */,
			);
			runOnlyForDeploymentPostprocessing = 0;
		};
		073C85A52852C0C5006A1243 /* Sources */ = {
			isa = PBXSourcesBuildPhase;
			buildActionMask = 2147483647;
			files = (
				073C85B02852C0C5006A1243 /* Practice_RxSwift_Part1UITestsLaunchTests.swift in Sources */,
				073C85AE2852C0C5006A1243 /* Practice_RxSwift_Part1UITests.swift in Sources */,
			);
			runOnlyForDeploymentPostprocessing = 0;
		};
/* End PBXSourcesBuildPhase section */

/* Begin PBXTargetDependency section */
		073C85A12852C0C5006A1243 /* PBXTargetDependency */ = {
			isa = PBXTargetDependency;
			target = 073C85882852C0C4006A1243 /* Practice-RxSwift-Part1 */;
			targetProxy = 073C85A02852C0C5006A1243 /* PBXContainerItemProxy */;
		};
		073C85AB2852C0C5006A1243 /* PBXTargetDependency */ = {
			isa = PBXTargetDependency;
			target = 073C85882852C0C4006A1243 /* Practice-RxSwift-Part1 */;
			targetProxy = 073C85AA2852C0C5006A1243 /* PBXContainerItemProxy */;
		};
/* End PBXTargetDependency section */

/* Begin PBXVariantGroup section */
		073C85922852C0C4006A1243 /* Main.storyboard */ = {
			isa = PBXVariantGroup;
			children = (
				073C85932852C0C4006A1243 /* Base */,
			);
			name = Main.storyboard;
			sourceTree = "<group>";
		};
		073C85972852C0C5006A1243 /* LaunchScreen.storyboard */ = {
			isa = PBXVariantGroup;
			children = (
				073C85982852C0C5006A1243 /* Base */,
			);
			name = LaunchScreen.storyboard;
			sourceTree = "<group>";
		};
/* End PBXVariantGroup section */

/* Begin XCBuildConfiguration section */
		073C85B12852C0C5006A1243 /* Debug */ = {
			isa = XCBuildConfiguration;
			buildSettings = {
				ALWAYS_SEARCH_USER_PATHS = NO;
				CLANG_ANALYZER_NONNULL = YES;
				CLANG_ANALYZER_NUMBER_OBJECT_CONVERSION = YES_AGGRESSIVE;
				CLANG_CXX_LANGUAGE_STANDARD = "gnu++17";
				CLANG_ENABLE_MODULES = YES;
				CLANG_ENABLE_OBJC_ARC = YES;
				CLANG_ENABLE_OBJC_WEAK = YES;
				CLANG_WARN_BLOCK_CAPTURE_AUTORELEASING = YES;
				CLANG_WARN_BOOL_CONVERSION = YES;
				CLANG_WARN_COMMA = YES;
				CLANG_WARN_CONSTANT_CONVERSION = YES;
				CLANG_WARN_DEPRECATED_OBJC_IMPLEMENTATIONS = YES;
				CLANG_WARN_DIRECT_OBJC_ISA_USAGE = YES_ERROR;
				CLANG_WARN_DOCUMENTATION_COMMENTS = YES;
				CLANG_WARN_EMPTY_BODY = YES;
				CLANG_WARN_ENUM_CONVERSION = YES;
				CLANG_WARN_INFINITE_RECURSION = YES;
				CLANG_WARN_INT_CONVERSION = YES;
				CLANG_WARN_NON_LITERAL_NULL_CONVERSION = YES;
				CLANG_WARN_OBJC_IMPLICIT_RETAIN_SELF = YES;
				CLANG_WARN_OBJC_LITERAL_CONVERSION = YES;
				CLANG_WARN_OBJC_ROOT_CLASS = YES_ERROR;
				CLANG_WARN_QUOTED_INCLUDE_IN_FRAMEWORK_HEADER = YES;
				CLANG_WARN_RANGE_LOOP_ANALYSIS = YES;
				CLANG_WARN_STRICT_PROTOTYPES = YES;
				CLANG_WARN_SUSPICIOUS_MOVE = YES;
				CLANG_WARN_UNGUARDED_AVAILABILITY = YES_AGGRESSIVE;
				CLANG_WARN_UNREACHABLE_CODE = YES;
				CLANG_WARN__DUPLICATE_METHOD_MATCH = YES;
				COPY_PHASE_STRIP = NO;
				DEBUG_INFORMATION_FORMAT = dwarf;
				ENABLE_STRICT_OBJC_MSGSEND = YES;
				ENABLE_TESTABILITY = YES;
				GCC_C_LANGUAGE_STANDARD = gnu11;
				GCC_DYNAMIC_NO_PIC = NO;
				GCC_NO_COMMON_BLOCKS = YES;
				GCC_OPTIMIZATION_LEVEL = 0;
				GCC_PREPROCESSOR_DEFINITIONS = (
					"DEBUG=1",
					"$(inherited)",
				);
				GCC_WARN_64_TO_32_BIT_CONVERSION = YES;
				GCC_WARN_ABOUT_RETURN_TYPE = YES_ERROR;
				GCC_WARN_UNDECLARED_SELECTOR = YES;
				GCC_WARN_UNINITIALIZED_AUTOS = YES_AGGRESSIVE;
				GCC_WARN_UNUSED_FUNCTION = YES;
				GCC_WARN_UNUSED_VARIABLE = YES;
				IPHONEOS_DEPLOYMENT_TARGET = 15.5;
				MTL_ENABLE_DEBUG_INFO = INCLUDE_SOURCE;
				MTL_FAST_MATH = YES;
				ONLY_ACTIVE_ARCH = YES;
				SDKROOT = iphoneos;
				SWIFT_ACTIVE_COMPILATION_CONDITIONS = DEBUG;
				SWIFT_OPTIMIZATION_LEVEL = "-Onone";
			};
			name = Debug;
		};
		073C85B22852C0C5006A1243 /* Release */ = {
			isa = XCBuildConfiguration;
			buildSettings = {
				ALWAYS_SEARCH_USER_PATHS = NO;
				CLANG_ANALYZER_NONNULL = YES;
				CLANG_ANALYZER_NUMBER_OBJECT_CONVERSION = YES_AGGRESSIVE;
				CLANG_CXX_LANGUAGE_STANDARD = "gnu++17";
				CLANG_ENABLE_MODULES = YES;
				CLANG_ENABLE_OBJC_ARC = YES;
				CLANG_ENABLE_OBJC_WEAK = YES;
				CLANG_WARN_BLOCK_CAPTURE_AUTORELEASING = YES;
				CLANG_WARN_BOOL_CONVERSION = YES;
				CLANG_WARN_COMMA = YES;
				CLANG_WARN_CONSTANT_CONVERSION = YES;
				CLANG_WARN_DEPRECATED_OBJC_IMPLEMENTATIONS = YES;
				CLANG_WARN_DIRECT_OBJC_ISA_USAGE = YES_ERROR;
				CLANG_WARN_DOCUMENTATION_COMMENTS = YES;
				CLANG_WARN_EMPTY_BODY = YES;
				CLANG_WARN_ENUM_CONVERSION = YES;
				CLANG_WARN_INFINITE_RECURSION = YES;
				CLANG_WARN_INT_CONVERSION = YES;
				CLANG_WARN_NON_LITERAL_NULL_CONVERSION = YES;
				CLANG_WARN_OBJC_IMPLICIT_RETAIN_SELF = YES;
				CLANG_WARN_OBJC_LITERAL_CONVERSION = YES;
				CLANG_WARN_OBJC_ROOT_CLASS = YES_ERROR;
				CLANG_WARN_QUOTED_INCLUDE_IN_FRAMEWORK_HEADER = YES;
				CLANG_WARN_RANGE_LOOP_ANALYSIS = YES;
				CLANG_WARN_STRICT_PROTOTYPES = YES;
				CLANG_WARN_SUSPICIOUS_MOVE = YES;
				CLANG_WARN_UNGUARDED_AVAILABILITY = YES_AGGRESSIVE;
				CLANG_WARN_UNREACHABLE_CODE = YES;
				CLANG_WARN__DUPLICATE_METHOD_MATCH = YES;
				COPY_PHASE_STRIP = NO;
				DEBUG_INFORMATION_FORMAT = "dwarf-with-dsym";
				ENABLE_NS_ASSERTIONS = NO;
				ENABLE_STRICT_OBJC_MSGSEND = YES;
				GCC_C_LANGUAGE_STANDARD = gnu11;
				GCC_NO_COMMON_BLOCKS = YES;
				GCC_WARN_64_TO_32_BIT_CONVERSION = YES;
				GCC_WARN_ABOUT_RETURN_TYPE = YES_ERROR;
				GCC_WARN_UNDECLARED_SELECTOR = YES;
				GCC_WARN_UNINITIALIZED_AUTOS = YES_AGGRESSIVE;
				GCC_WARN_UNUSED_FUNCTION = YES;
				GCC_WARN_UNUSED_VARIABLE = YES;
				IPHONEOS_DEPLOYMENT_TARGET = 15.5;
				MTL_ENABLE_DEBUG_INFO = NO;
				MTL_FAST_MATH = YES;
				SDKROOT = iphoneos;
				SWIFT_COMPILATION_MODE = wholemodule;
				SWIFT_OPTIMIZATION_LEVEL = "-O";
				VALIDATE_PRODUCT = YES;
			};
			name = Release;
		};
		073C85B42852C0C5006A1243 /* Debug */ = {
			isa = XCBuildConfiguration;
			buildSettings = {
				ASSETCATALOG_COMPILER_APPICON_NAME = AppIcon;
				ASSETCATALOG_COMPILER_GLOBAL_ACCENT_COLOR_NAME = AccentColor;
				CODE_SIGN_STYLE = Automatic;
				CURRENT_PROJECT_VERSION = 1;
				DEVELOPMENT_TEAM = T6RT73J9GG;
				GENERATE_INFOPLIST_FILE = YES;
				INFOPLIST_FILE = "Practice-RxSwift-Part1/Info.plist";
				INFOPLIST_KEY_UIApplicationSupportsIndirectInputEvents = YES;
				INFOPLIST_KEY_UILaunchStoryboardName = LaunchScreen;
				INFOPLIST_KEY_UIMainStoryboardFile = Main;
				INFOPLIST_KEY_UISupportedInterfaceOrientations_iPad = "UIInterfaceOrientationPortrait UIInterfaceOrientationPortraitUpsideDown UIInterfaceOrientationLandscapeLeft UIInterfaceOrientationLandscapeRight";
				INFOPLIST_KEY_UISupportedInterfaceOrientations_iPhone = "UIInterfaceOrientationPortrait UIInterfaceOrientationLandscapeLeft UIInterfaceOrientationLandscapeRight";
				LD_RUNPATH_SEARCH_PATHS = (
					"$(inherited)",
					"@executable_path/Frameworks",
				);
				MARKETING_VERSION = 1.0;
				PRODUCT_BUNDLE_IDENTIFIER = "com.MasakatsuTagishi.Practice-RxSwift-Part1";
				PRODUCT_NAME = "$(TARGET_NAME)";
				SWIFT_EMIT_LOC_STRINGS = YES;
				SWIFT_VERSION = 5.0;
				TARGETED_DEVICE_FAMILY = "1,2";
			};
			name = Debug;
		};
		073C85B52852C0C5006A1243 /* Release */ = {
			isa = XCBuildConfiguration;
			buildSettings = {
				ASSETCATALOG_COMPILER_APPICON_NAME = AppIcon;
				ASSETCATALOG_COMPILER_GLOBAL_ACCENT_COLOR_NAME = AccentColor;
				CODE_SIGN_STYLE = Automatic;
				CURRENT_PROJECT_VERSION = 1;
				DEVELOPMENT_TEAM = T6RT73J9GG;
				GENERATE_INFOPLIST_FILE = YES;
				INFOPLIST_FILE = "Practice-RxSwift-Part1/Info.plist";
				INFOPLIST_KEY_UIApplicationSupportsIndirectInputEvents = YES;
				INFOPLIST_KEY_UILaunchStoryboardName = LaunchScreen;
				INFOPLIST_KEY_UIMainStoryboardFile = Main;
				INFOPLIST_KEY_UISupportedInterfaceOrientations_iPad = "UIInterfaceOrientationPortrait UIInterfaceOrientationPortraitUpsideDown UIInterfaceOrientationLandscapeLeft UIInterfaceOrientationLandscapeRight";
				INFOPLIST_KEY_UISupportedInterfaceOrientations_iPhone = "UIInterfaceOrientationPortrait UIInterfaceOrientationLandscapeLeft UIInterfaceOrientationLandscapeRight";
				LD_RUNPATH_SEARCH_PATHS = (
					"$(inherited)",
					"@executable_path/Frameworks",
				);
				MARKETING_VERSION = 1.0;
				PRODUCT_BUNDLE_IDENTIFIER = "com.MasakatsuTagishi.Practice-RxSwift-Part1";
				PRODUCT_NAME = "$(TARGET_NAME)";
				SWIFT_EMIT_LOC_STRINGS = YES;
				SWIFT_VERSION = 5.0;
				TARGETED_DEVICE_FAMILY = "1,2";
			};
			name = Release;
		};
		073C85B72852C0C5006A1243 /* Debug */ = {
			isa = XCBuildConfiguration;
			buildSettings = {
				ALWAYS_EMBED_SWIFT_STANDARD_LIBRARIES = YES;
				BUNDLE_LOADER = "$(TEST_HOST)";
				CODE_SIGN_STYLE = Automatic;
				CURRENT_PROJECT_VERSION = 1;
				DEVELOPMENT_TEAM = T6RT73J9GG;
				GENERATE_INFOPLIST_FILE = YES;
				IPHONEOS_DEPLOYMENT_TARGET = 15.5;
				MARKETING_VERSION = 1.0;
				PRODUCT_BUNDLE_IDENTIFIER = "com.MasakatsuTagishi.Practice-RxSwift-Part1Tests";
				PRODUCT_NAME = "$(TARGET_NAME)";
				SWIFT_EMIT_LOC_STRINGS = NO;
				SWIFT_VERSION = 5.0;
				TARGETED_DEVICE_FAMILY = "1,2";
				TEST_HOST = "$(BUILT_PRODUCTS_DIR)/Practice-RxSwift-Part1.app/Practice-RxSwift-Part1";
			};
			name = Debug;
		};
		073C85B82852C0C5006A1243 /* Release */ = {
			isa = XCBuildConfiguration;
			buildSettings = {
				ALWAYS_EMBED_SWIFT_STANDARD_LIBRARIES = YES;
				BUNDLE_LOADER = "$(TEST_HOST)";
				CODE_SIGN_STYLE = Automatic;
				CURRENT_PROJECT_VERSION = 1;
				DEVELOPMENT_TEAM = T6RT73J9GG;
				GENERATE_INFOPLIST_FILE = YES;
				IPHONEOS_DEPLOYMENT_TARGET = 15.5;
				MARKETING_VERSION = 1.0;
				PRODUCT_BUNDLE_IDENTIFIER = "com.MasakatsuTagishi.Practice-RxSwift-Part1Tests";
				PRODUCT_NAME = "$(TARGET_NAME)";
				SWIFT_EMIT_LOC_STRINGS = NO;
				SWIFT_VERSION = 5.0;
				TARGETED_DEVICE_FAMILY = "1,2";
				TEST_HOST = "$(BUILT_PRODUCTS_DIR)/Practice-RxSwift-Part1.app/Practice-RxSwift-Part1";
			};
			name = Release;
		};
		073C85BA2852C0C5006A1243 /* Debug */ = {
			isa = XCBuildConfiguration;
			buildSettings = {
				ALWAYS_EMBED_SWIFT_STANDARD_LIBRARIES = YES;
				CODE_SIGN_STYLE = Automatic;
				CURRENT_PROJECT_VERSION = 1;
				DEVELOPMENT_TEAM = T6RT73J9GG;
				GENERATE_INFOPLIST_FILE = YES;
				MARKETING_VERSION = 1.0;
				PRODUCT_BUNDLE_IDENTIFIER = "com.MasakatsuTagishi.Practice-RxSwift-Part1UITests";
				PRODUCT_NAME = "$(TARGET_NAME)";
				SWIFT_EMIT_LOC_STRINGS = NO;
				SWIFT_VERSION = 5.0;
				TARGETED_DEVICE_FAMILY = "1,2";
				TEST_TARGET_NAME = "Practice-RxSwift-Part1";
			};
			name = Debug;
		};
		073C85BB2852C0C5006A1243 /* Release */ = {
			isa = XCBuildConfiguration;
			buildSettings = {
				ALWAYS_EMBED_SWIFT_STANDARD_LIBRARIES = YES;
				CODE_SIGN_STYLE = Automatic;
				CURRENT_PROJECT_VERSION = 1;
				DEVELOPMENT_TEAM = T6RT73J9GG;
				GENERATE_INFOPLIST_FILE = YES;
				MARKETING_VERSION = 1.0;
				PRODUCT_BUNDLE_IDENTIFIER = "com.MasakatsuTagishi.Practice-RxSwift-Part1UITests";
				PRODUCT_NAME = "$(TARGET_NAME)";
				SWIFT_EMIT_LOC_STRINGS = NO;
				SWIFT_VERSION = 5.0;
				TARGETED_DEVICE_FAMILY = "1,2";
				TEST_TARGET_NAME = "Practice-RxSwift-Part1";
			};
			name = Release;
		};
/* End XCBuildConfiguration section */

/* Begin XCConfigurationList section */
		073C85842852C0C4006A1243 /* Build configuration list for PBXProject "Practice-RxSwift-Part1" */ = {
			isa = XCConfigurationList;
			buildConfigurations = (
				073C85B12852C0C5006A1243 /* Debug */,
				073C85B22852C0C5006A1243 /* Release */,
			);
			defaultConfigurationIsVisible = 0;
			defaultConfigurationName = Release;
		};
		073C85B32852C0C5006A1243 /* Build configuration list for PBXNativeTarget "Practice-RxSwift-Part1" */ = {
			isa = XCConfigurationList;
			buildConfigurations = (
				073C85B42852C0C5006A1243 /* Debug */,
				073C85B52852C0C5006A1243 /* Release */,
			);
			defaultConfigurationIsVisible = 0;
			defaultConfigurationName = Release;
		};
		073C85B62852C0C5006A1243 /* Build configuration list for PBXNativeTarget "Practice-RxSwift-Part1Tests" */ = {
			isa = XCConfigurationList;
			buildConfigurations = (
				073C85B72852C0C5006A1243 /* Debug */,
				073C85B82852C0C5006A1243 /* Release */,
			);
			defaultConfigurationIsVisible = 0;
			defaultConfigurationName = Release;
		};
		073C85B92852C0C5006A1243 /* Build configuration list for PBXNativeTarget "Practice-RxSwift-Part1UITests" */ = {
			isa = XCConfigurationList;
			buildConfigurations = (
				073C85BA2852C0C5006A1243 /* Debug */,
				073C85BB2852C0C5006A1243 /* Release */,
			);
			defaultConfigurationIsVisible = 0;
			defaultConfigurationName = Release;
		};
/* End XCConfigurationList section */
	};
	rootObject = 073C85812852C0C4006A1243 /* Project object */;
}
